# This file is generated by running "yarn install" inside your project.
# Manual changes might be lost - proceed with caution!

__metadata:
  version: 8
  cacheKey: 10

"@monox/affected@workspace:packages/affected":
  version: 0.0.0-use.local
  resolution: "@monox/affected@workspace:packages/affected"
  dependencies:
    "@monox/workspaces": "workspace:^"
  bin:
    monox-affected: ./src/cli.mjs
  languageName: unknown
  linkType: soft

"@monox/api@workspace:apps/api":
  version: 0.0.0-use.local
  resolution: "@monox/api@workspace:apps/api"
  dependencies:
    "@monox/shared": "workspace:^"
  languageName: unknown
  linkType: soft

"@monox/deploy-schema@workspace:^, @monox/deploy-schema@workspace:packages/deploy-schema":
  version: 0.0.0-use.local
  resolution: "@monox/deploy-schema@workspace:packages/deploy-schema"
  languageName: unknown
  linkType: soft

"@monox/kube-renderer@workspace:packages/kube-renderer":
  version: 0.0.0-use.local
  resolution: "@monox/kube-renderer@workspace:packages/kube-renderer"
  dependencies:
    "@monox/deploy-schema": "workspace:^"
  bin:
    monox-kube: ./src/cli.mjs
  languageName: unknown
  linkType: soft

"@monox/mono-runner@workspace:packages/mono-runner":
  version: 0.0.0-use.local
  resolution: "@monox/mono-runner@workspace:packages/mono-runner"
  dependencies:
    "@monox/workspaces": "workspace:^"
  bin:
    monox-dev: ./src/cli.mjs
  languageName: unknown
  linkType: soft

"@monox/shared@workspace:^, @monox/shared@workspace:packages/shared":
  version: 0.0.0-use.local
  resolution: "@monox/shared@workspace:packages/shared"
  languageName: unknown
  linkType: soft

"@monox/web@workspace:apps/web":
  version: 0.0.0-use.local
  resolution: "@monox/web@workspace:apps/web"
  languageName: unknown
  linkType: soft

"@monox/workspaces@workspace:^, @monox/workspaces@workspace:packages/workspaces":
  version: 0.0.0-use.local
  resolution: "@monox/workspaces@workspace:packages/workspaces"
  bin:
    monox-workspaces: ./src/cli.mjs
  languageName: unknown
  linkType: soft

"create-monox@workspace:packages/create-monox":
  version: 0.0.0-use.local
  resolution: "create-monox@workspace:packages/create-monox"
  bin:
    create-monox: src/cli.mjs
  languageName: unknown
  linkType: soft

"monox@workspace:.":
  version: 0.0.0-use.local
  resolution: "monox@workspace:."
  dependencies:
    prettier: "npm:^3.6.2"
  languageName: unknown
  linkType: soft

"prettier@npm:^3.6.2":
  version: 3.9.6
  resolution: "prettier@npm:3.9.6"
  bin:
    prettier: bin/prettier.cjs
  checksum: 10/1dd1a1e0e40ec3b91cda9d294c4a95022aef61880ca3f441aad99b1252279f58a766c4cece81132c01550dcff1fd445efbd8812ea4a2374313e7fc6c8136f11f
  languageName: node
  linkType: hard
